// !$*UTF8*$!
{
	archiveVersion = 1;
	classes = {
	};
	objectVersion = 46;
	objects = {

/* Begin PBXBuildFile section */
		18CD64E419B7F10300263695 /* Foundation.framework in Frameworks */ = {isa = PBXBuildFile; fileRef = 18CD64E319B7F10300263695 /* Foundation.framework */; };
		18CD64E619B7F10300263695 /* CoreGraphics.framework in Frameworks */ = {isa = PBXBuildFile; fileRef = 18CD64E519B7F10300263695 /* CoreGraphics.framework */; };
		18CD64E819B7F10300263695 /* UIKit.framework in Frameworks */ = {isa = PBXBuildFile; fileRef = 18CD64E719B7F10300263695 /* UIKit.framework */; };
		18CD64EE19B7F10300263695 /* InfoPlist.strings in Resources */ = {isa = PBXBuildFile; fileRef = 18CD64EC19B7F10300263695 /* InfoPlist.strings */; };
		18CD64F019B7F10300263695 /* main.m in Sources */ = {isa = PBXBuildFile; fileRef = 18CD64EF19B7F10300263695 /* main.m */; };
		18CD64F419B7F10300263695 /* HMAppDelegate.m in Sources */ = {isa = PBXBuildFile; fileRef = 18CD64F319B7F10300263695 /* HMAppDelegate.m */; };
		18CD64F719B7F10300263695 /* Main.storyboard in Resources */ = {isa = PBXBuildFile; fileRef = 18CD64F519B7F10300263695 /* Main.storyboard */; };
		18CD64FA19B7F10300263695 /* HMViewController.m in Sources */ = {isa = PBXBuildFile; fileRef = 18CD64F919B7F10300263695 /* HMViewController.m */; };
		18CD64FC19B7F10300263695 /* Images.xcassets in Resources */ = {isa = PBXBuildFile; fileRef = 18CD64FB19B7F10300263695 /* Images.xcassets */; };
		18CD650319B7F10400263695 /* XCTest.framework in Frameworks */ = {isa = PBXBuildFile; fileRef = 18CD650219B7F10400263695 /* XCTest.framework */; };
		18CD650419B7F10400263695 /* Foundation.framework in Frameworks */ = {isa = PBXBuildFile; fileRef = 18CD64E319B7F10300263695 /* Foundation.framework */; };
		18CD650519B7F10400263695 /* UIKit.framework in Frameworks */ = {isa = PBXBuildFile; fileRef = 18CD64E719B7F10300263695 /* UIKit.framework */; };
		18CD650D19B7F10400263695 /* InfoPlist.strings in Resources */ = {isa = PBXBuildFile; fileRef = 18CD650B19B7F10400263695 /* InfoPlist.strings */; };
		18CD650F19B7F10400263695 /* _2_____Tests.m in Sources */ = {isa = PBXBuildFile; fileRef = 18CD650E19B7F10400263695 /* _2_____Tests.m */; };
		18CD651A19B7F5BD00263695 /* UIImage+Tool.m in Sources */ = {isa = PBXBuildFile; fileRef = 18CD651919B7F5BD00263695 /* UIImage+Tool.m */; };
/* End PBXBuildFile section */

/* Begin PBXContainerItemProxy section */
		18CD650619B7F10400263695 /* PBXContainerItemProxy */ = {
			isa = PBXContainerItemProxy;
			containerPortal = 18CD64D819B7F10300263695 /* Project object */;
			proxyType = 1;
			remoteGlobalIDString = 18CD64DF19B7F10300263695;
			remoteInfo = "02-图片裁剪";
		};
/* End PBXContainerItemProxy section */

/* Begin PBXFileReference section */
		18CD64E019B7F10300263695 /* 02-图片裁剪.app */ = {isa = PBXFileReference; explicitFileType = wrapper.application; includeInIndex = 0; path = "02-图片裁剪.app"; sourceTree = BUILT_PRODUCTS_DIR; };
		18CD64E319B7F10300263695 /* Foundation.framework */ = {isa = PBXFileReference; lastKnownFileType = wrapper.framework; name = Foundation.framework; path = System/Library/Frameworks/Foundation.framework; sourceTree = SDKROOT; };
		18CD64E519B7F10300263695 /* CoreGraphics.framework */ = {isa = PBXFileReference; lastKnownFileType = wrapper.framework; name = CoreGraphics.framework; path = System/Library/Frameworks/CoreGraphics.framework; sourceTree = SDKROOT; };
		18CD64E719B7F10300263695 /* UIKit.framework */ = {isa = PBXFileReference; lastKnownFileType = wrapper.framework; name = UIKit.framework; path = System/Library/Frameworks/UIKit.framework; sourceTree = SDKROOT; };
		18CD64EB19B7F10300263695 /* 02-图片裁剪-Info.plist */ = {isa = PBXFileReference; lastKnownFileType = text.plist.xml; path = "02-图片裁剪-Info.plist"; sourceTree = "<group>"; };
		18CD64ED19B7F10300263695 /* en */ = {isa = PBXFileReference; lastKnownFileType = text.plist.strings; name = en; path = en.lproj/InfoPlist.strings; sourceTree = "<group>"; };
		18CD64EF19B7F10300263695 /* main.m */ = {isa = PBXFileReference; lastKnownFileType = sourcecode.c.objc; path = main.m; sourceTree = "<group>"; };
		18CD64F119B7F10300263695 /* 02-图片裁剪-Prefix.pch */ = {isa = PBXFileReference; lastKnownFileType = sourcecode.c.h; path = "02-图片裁剪-Prefix.pch"; sourceTree = "<group>"; };
		18CD64F219B7F10300263695 /* HMAppDelegate.h */ = {isa = PBXFileReference; lastKnownFileType = sourcecode.c.h; path = HMAppDelegate.h; sourceTree = "<group>"; };
		18CD64F319B7F10300263695 /* HMAppDelegate.m */ = {isa = PBXFileReference; lastKnownFileType = sourcecode.c.objc; path = HMAppDelegate.m; sourceTree = "<group>"; };
		18CD64F619B7F10300263695 /* Base */ = {isa = PBXFileReference; lastKnownFileType = file.storyboard; name = Base; path = Base.lproj/Main.storyboard; sourceTree = "<group>"; };
		18CD64F819B7F10300263695 /* HMViewController.h */ = {isa = PBXFileReference; lastKnownFileType = sourcecode.c.h; path = HMViewController.h; sourceTree = "<group>"; };
		18CD64F919B7F10300263695 /* HMViewController.m */ = {isa = PBXFileReference; lastKnownFileType = sourcecode.c.objc; path = HMViewController.m; sourceTree = "<group>"; };
		18CD64FB19B7F10300263695 /* Images.xcassets */ = {isa = PBXFileReference; lastKnownFileType = folder.assetcatalog; path = Images.xcassets; sourceTree = "<group>"; };
		18CD650119B7F10400263695 /* 02-图片裁剪Tests.xctest */ = {isa = PBXFileReference; explicitFileType = wrapper.cfbundle; includeInIndex = 0; path = "02-图片裁剪Tests.xctest"; sourceTree = BUILT_PRODUCTS_DIR; };
		18CD650219B7F10400263695 /* XCTest.framework */ = {isa = PBXFileReference; lastKnownFileType = wrapper.framework; name = XCTest.framework; path = Library/Frameworks/XCTest.framework; sourceTree = DEVELOPER_DIR; };
		18CD650A19B7F10400263695 /* 02-图片裁剪Tests-Info.plist */ = {isa = PBXFileReference; lastKnownFileType = text.plist.xml; path = "02-图片裁剪Tests-Info.plist"; sourceTree = "<group>"; };
		18CD650C19B7F10400263695 /* en */ = {isa = PBXFileReference; lastKnownFileType = text.plist.strings; name = en; path = en.lproj/InfoPlist.strings; sourceTree = "<group>"; };
		18CD650E19B7F10400263695 /* _2_____Tests.m */ = {isa = PBXFileReference; lastKnownFileType = sourcecode.c.objc; path = "_2_____Tests.m"; sourceTree = "<group>"; };
		18CD651819B7F5BD00263695 /* UIImage+Tool.h */ = {isa = PBXFileReference; fileEncoding = 4; lastKnownFileType = sourcecode.c.h; path = "UIImage+Tool.h"; sourceTree = "<group>"; };
		18CD651919B7F5BD00263695 /* UIImage+Tool.m */ = {isa = PBXFileReference; fileEncoding = 4; lastKnownFileType = sourcecode.c.objc; path = "UIImage+Tool.m"; sourceTree = "<group>"; };
/* End PBXFileReference section */

/* Begin PBXFrameworksBuildPhase section */
		18CD64DD19B7F10300263695 /* Frameworks */ = {
			isa = PBXFrameworksBuildPhase;
			buildActionMask = 2147483647;
			files = (
				18CD64E619B7F10300263695 /* CoreGraphics.framework in Frameworks */,
				18CD64E819B7F10300263695 /* UIKit.framework in Frameworks */,
				18CD64E419B7F10300263695 /* Foundation.framework in Frameworks */,
			);
			runOnlyForDeploymentPostprocessing = 0;
		};
		18CD64FE19B7F10400263695 /* Frameworks */ = {
			isa = PBXFrameworksBuildPhase;
			buildActionMask = 2147483647;
			files = (
				18CD650319B7F10400263695 /* XCTest.framework in Frameworks */,
				18CD650519B7F10400263695 /* UIKit.framework in Frameworks */,
				18CD650419B7F10400263695 /* Foundation.framework in Frameworks */,
			);
			runOnlyForDeploymentPostprocessing = 0;
		};
/* End PBXFrameworksBuildPhase section */

/* Begin PBXGroup section */
		18CD64D719B7F10300263695 = {
			isa = PBXGroup;
			children = (
				18CD64E919B7F10300263695 /* 02-图片裁剪 */,
				18CD650819B7F10400263695 /* 02-图片裁剪Tests */,
				18CD64E219B7F10300263695 /* Frameworks */,
				18CD64E119B7F10300263695 /* Products */,
			);
			sourceTree = "<group>";
		};
		18CD64E119B7F10300263695 /* Products */ = {
			isa = PBXGroup;
			children = (
				18CD64E019B7F10300263695 /* 02-图片裁剪.app */,
				18CD650119B7F10400263695 /* 02-图片裁剪Tests.xctest */,
			);
			name = Products;
			sourceTree = "<group>";
		};
		18CD64E219B7F10300263695 /* Frameworks */ = {
			isa = PBXGroup;
			children = (
				18CD64E319B7F10300263695 /* Foundation.framework */,
				18CD64E519B7F10300263695 /* CoreGraphics.framework */,
				18CD64E719B7F10300263695 /* UIKit.framework */,
				18CD650219B7F10400263695 /* XCTest.framework */,
			);
			name = Frameworks;
			sourceTree = "<group>";
		};
		18CD64E919B7F10300263695 /* 02-图片裁剪 */ = {
			isa = PBXGroup;
			children = (
				18CD64F219B7F10300263695 /* HMAppDelegate.h */,
				18CD64F319B7F10300263695 /* HMAppDelegate.m */,
				18CD64F519B7F10300263695 /* Main.storyboard */,
				18CD64F819B7F10300263695 /* HMViewController.h */,
				18CD64F919B7F10300263695 /* HMViewController.m */,
				18CD651819B7F5BD00263695 /* UIImage+Tool.h */,
				18CD651919B7F5BD00263695 /* UIImage+Tool.m */,
				18CD64FB19B7F10300263695 /* Images.xcassets */,
				18CD64EA19B7F10300263695 /* Supporting Files */,
			);
			path = "02-图片裁剪";
			sourceTree = "<group>";
		};
		18CD64EA19B7F10300263695 /* Supporting Files */ = {
			isa = PBXGroup;
			children = (
				18CD64EB19B7F10300263695 /* 02-图片裁剪-Info.plist */,
				18CD64EC19B7F10300263695 /* InfoPlist.strings */,
				18CD64EF19B7F10300263695 /* main.m */,
				18CD64F119B7F10300263695 /* 02-图片裁剪-Prefix.pch */,
			);
			name = "Supporting Files";
			sourceTree = "<group>";
		};
		18CD650819B7F10400263695 /* 02-图片裁剪Tests */ = {
			isa = PBXGroup;
			children = (
				18CD650E19B7F10400263695 /* _2_____Tests.m */,
				18CD650919B7F10400263695 /* Supporting Files */,
			);
			path = "02-图片裁剪Tests";
			sourceTree = "<group>";
		};
		18CD650919B7F10400263695 /* Supporting Files */ = {
			isa = PBXGroup;
			children = (
				18CD650A19B7F10400263695 /* 02-图片裁剪Tests-Info.plist */,
				18CD650B19B7F10400263695 /* InfoPlist.strings */,
			);
			name = "Supporting Files";
			sourceTree = "<group>";
		};
/* End PBXGroup section */

/* Begin PBXNativeTarget section */
		18CD64DF19B7F10300263695 /* 02-图片裁剪 */ = {
			isa = PBXNativeTarget;
			buildConfigurationList = 18CD651219B7F10400263695 /* Build configuration list for PBXNativeTarget "02-图片裁剪" */;
			buildPhases = (
				18CD64DC19B7F10300263695 /* Sources */,
				18CD64DD19B7F10300263695 /* Frameworks */,
				18CD64DE19B7F10300263695 /* Resources */,
			);
			buildRules = (
			);
			dependencies = (
			);
			name = "02-图片裁剪";
			productName = "02-图片裁剪";
			productReference = 18CD64E019B7F10300263695 /* 02-图片裁剪.app */;
			productType = "com.apple.product-type.application";
		};
		18CD650019B7F10400263695 /* 02-图片裁剪Tests */ = {
			isa = PBXNativeTarget;
			buildConfigurationList = 18CD651519B7F10400263695 /* Build configuration list for PBXNativeTarget "02-图片裁剪Tests" */;
			buildPhases = (
				18CD64FD19B7F10400263695 /* Sources */,
				18CD64FE19B7F10400263695 /* Frameworks */,
				18CD64FF19B7F10400263695 /* Resources */,
			);
			buildRules = (
			);
			dependencies = (
				18CD650719B7F10400263695 /* PBXTargetDependency */,
			);
			name = "02-图片裁剪Tests";
			productName = "02-图片裁剪Tests";
			productReference = 18CD650119B7F10400263695 /* 02-图片裁剪Tests.xctest */;
			productType = "com.apple.product-type.bundle.unit-test";
		};
/* End PBXNativeTarget section */

/* Begin PBXProject section */
		18CD64D819B7F10300263695 /* Project object */ = {
			isa = PBXProject;
			attributes = {
				CLASSPREFIX = HM;
				LastUpgradeCheck = 0510;
				ORGANIZATIONNAME = itcast;
				TargetAttributes = {
					18CD650019B7F10400263695 = {
						TestTargetID = 18CD64DF19B7F10300263695;
					};
				};
			};
			buildConfigurationList = 18CD64DB19B7F10300263695 /* Build configuration list for PBXProject "02-图片裁剪" */;
			compatibilityVersion = "Xcode 3.2";
			developmentRegion = English;
			hasScannedForEncodings = 0;
			knownRegions = (
				en,
				Base,
			);
			mainGroup = 18CD64D719B7F10300263695;
			productRefGroup = 18CD64E119B7F10300263695 /* Products */;
			projectDirPath = "";
			projectRoot = "";
			targets = (
				18CD64DF19B7F10300263695 /* 02-图片裁剪 */,
				18CD650019B7F10400263695 /* 02-图片裁剪Tests */,
			);
		};
/* End PBXProject section */

/* Begin PBXResourcesBuildPhase section */
		18CD64DE19B7F10300263695 /* Resources */ = {
			isa = PBXResourcesBuildPhase;
			buildActionMask = 2147483647;
			files = (
				18CD64FC19B7F10300263695 /* Images.xcassets in Resources */,
				18CD64EE19B7F10300263695 /* InfoPlist.strings in Resources */,
				18CD64F719B7F10300263695 /* Main.storyboard in Resources */,
			);
			runOnlyForDeploymentPostprocessing = 0;
		};
		18CD64FF19B7F10400263695 /* Resources */ = {
			isa = PBXResourcesBuildPhase;
			buildActionMask = 2147483647;
			files = (
				18CD650D19B7F10400263695 /* InfoPlist.strings in Resources */,
			);
			runOnlyForDeploymentPostprocessing = 0;
		};
/* End PBXResourcesBuildPhase section */

/* Begin PBXSourcesBuildPhase section */
		18CD64DC19B7F10300263695 /* Sources */ = {
			isa = PBXSourcesBuildPhase;
			buildActionMask = 2147483647;
			files = (
				18CD64FA19B7F10300263695 /* HMViewController.m in Sources */,
				18CD64F019B7F10300263695 /* main.m in Sources */,
				18CD64F419B7F10300263695 /* HMAppDelegate.m in Sources */,
				18CD651A19B7F5BD00263695 /* UIImage+Tool.m in Sources */,
			);
			runOnlyForDeploymentPostprocessing = 0;
		};
		18CD64FD19B7F10400263695 /* Sources */ = {
			isa = PBXSourcesBuildPhase;
			buildActionMask = 2147483647;
			files = (
				18CD650F19B7F10400263695 /* _2_____Tests.m in Sources */,
			);
			runOnlyForDeploymentPostprocessing = 0;
		};
/* End PBXSourcesBuildPhase section */

/* Begin PBXTargetDependency section */
		18CD650719B7F10400263695 /* PBXTargetDependency */ = {
			isa = PBXTargetDependency;
			target = 18CD64DF19B7F10300263695 /* 02-图片裁剪 */;
			targetProxy = 18CD650619B7F10400263695 /* PBXContainerItemProxy */;
		};
/* End PBXTargetDependency section */

/* Begin PBXVariantGroup section */
		18CD64EC19B7F10300263695 /* InfoPlist.strings */ = {
			isa = PBXVariantGroup;
			children = (
				18CD64ED19B7F10300263695 /* en */,
			);
			name = InfoPlist.strings;
			sourceTree = "<group>";
		};
		18CD64F519B7F10300263695 /* Main.storyboard */ = {
			isa = PBXVariantGroup;
			children = (
				18CD64F619B7F10300263695 /* Base */,
			);
			name = Main.storyboard;
			sourceTree = "<group>";
		};
		18CD650B19B7F10400263695 /* InfoPlist.strings */ = {
			isa = PBXVariantGroup;
			children = (
				18CD650C19B7F10400263695 /* en */,
			);
			name = InfoPlist.strings;
			sourceTree = "<group>";
		};
/* End PBXVariantGroup section */

/* Begin XCBuildConfiguration section */
		18CD651019B7F10400263695 /* Debug */ = {
			isa = XCBuildConfiguration;
			buildSettings = {
				ALWAYS_SEARCH_USER_PATHS = NO;
				CLANG_CXX_LANGUAGE_STANDARD = "gnu++0x";
				CLANG_CXX_LIBRARY = "libc++";
				CLANG_ENABLE_MODULES = YES;
				CLANG_ENABLE_OBJC_ARC = YES;
				CLANG_WARN_BOOL_CONVERSION = YES;
				CLANG_WARN_CONSTANT_CONVERSION = YES;
				CLANG_WARN_DIRECT_OBJC_ISA_USAGE = YES_ERROR;
				CLANG_WARN_EMPTY_BODY = YES;
				CLANG_WARN_ENUM_CONVERSION = YES;
				CLANG_WARN_INT_CONVERSION = YES;
				CLANG_WARN_OBJC_ROOT_CLASS = YES_ERROR;
				CLANG_WARN__DUPLICATE_METHOD_MATCH = YES;
				"CODE_SIGN_IDENTITY[sdk=iphoneos*]" = "iPhone Developer";
				COPY_PHASE_STRIP = NO;
				GCC_C_LANGUAGE_STANDARD = gnu99;
				GCC_DYNAMIC_NO_PIC = NO;
				GCC_OPTIMIZATION_LEVEL = 0;
				GCC_PREPROCESSOR_DEFINITIONS = (
					"DEBUG=1",
					"$(inherited)",
				);
				GCC_SYMBOLS_PRIVATE_EXTERN = NO;
				GCC_WARN_64_TO_32_BIT_CONVERSION = YES;
				GCC_WARN_ABOUT_RETURN_TYPE = YES_ERROR;
				GCC_WARN_UNDECLARED_SELECTOR = YES;
				GCC_WARN_UNINITIALIZED_AUTOS = YES_AGGRESSIVE;
				GCC_WARN_UNUSED_FUNCTION = YES;
				GCC_WARN_UNUSED_VARIABLE = YES;
				IPHONEOS_DEPLOYMENT_TARGET = 7.1;
				ONLY_ACTIVE_ARCH = YES;
				SDKROOT = iphoneos;
			};
			name = Debug;
		};
		18CD651119B7F10400263695 /* Release */ = {
			isa = XCBuildConfiguration;
			buildSettings = {
				ALWAYS_SEARCH_USER_PATHS = NO;
				CLANG_CXX_LANGUAGE_STANDARD = "gnu++0x";
				CLANG_CXX_LIBRARY = "libc++";
				CLANG_ENABLE_MODULES = YES;
				CLANG_ENABLE_OBJC_ARC = YES;
				CLANG_WARN_BOOL_CONVERSION = YES;
				CLANG_WARN_CONSTANT_CONVERSION = YES;
				CLANG_WARN_DIRECT_OBJC_ISA_USAGE = YES_ERROR;
				CLANG_WARN_EMPTY_BODY = YES;
				CLANG_WARN_ENUM_CONVERSION = YES;
				CLANG_WARN_INT_CONVERSION = YES;
				CLANG_WARN_OBJC_ROOT_CLASS = YES_ERROR;
				CLANG_WARN__DUPLICATE_METHOD_MATCH = YES;
				"CODE_SIGN_IDENTITY[sdk=iphoneos*]" = "iPhone Developer";
				COPY_PHASE_STRIP = YES;
				ENABLE_NS_ASSERTIONS = NO;
				GCC_C_LANGUAGE_STANDARD = gnu99;
				GCC_WARN_64_TO_32_BIT_CONVERSION = YES;
				GCC_WARN_ABOUT_RETURN_TYPE = YES_ERROR;
				GCC_WARN_UNDECLARED_SELECTOR = YES;
				GCC_WARN_UNINITIALIZED_AUTOS = YES_AGGRESSIVE;
				GCC_WARN_UNUSED_FUNCTION = YES;
				GCC_WARN_UNUSED_VARIABLE = YES;
				IPHONEOS_DEPLOYMENT_TARGET = 7.1;
				SDKROOT = iphoneos;
				VALIDATE_PRODUCT = YES;
			};
			name = Release;
		};
		18CD651319B7F10400263695 /* Debug */ = {
			isa = XCBuildConfiguration;
			buildSettings = {
				ASSETCATALOG_COMPILER_APPICON_NAME = AppIcon;
				ASSETCATALOG_COMPILER_LAUNCHIMAGE_NAME = LaunchImage;
				GCC_PRECOMPILE_PREFIX_HEADER = YES;
				GCC_PREFIX_HEADER = "02-图片裁剪/02-图片裁剪-Prefix.pch";
				INFOPLIST_FILE = "02-图片裁剪/02-图片裁剪-Info.plist";
				PRODUCT_NAME = "$(TARGET_NAME)";
				WRAPPER_EXTENSION = app;
			};
			name = Debug;
		};
		18CD651419B7F10400263695 /* Release */ = {
			isa = XCBuildConfiguration;
			buildSettings = {
				ASSETCATALOG_COMPILER_APPICON_NAME = AppIcon;
				ASSETCATALOG_COMPILER_LAUNCHIMAGE_NAME = LaunchImage;
				GCC_PRECOMPILE_PREFIX_HEADER = YES;
				GCC_PREFIX_HEADER = "02-图片裁剪/02-图片裁剪-Prefix.pch";
				INFOPLIST_FILE = "02-图片裁剪/02-图片裁剪-Info.plist";
				PRODUCT_NAME = "$(TARGET_NAME)";
				WRAPPER_EXTENSION = app;
			};
			name = Release;
		};
		18CD651619B7F10400263695 /* Debug */ = {
			isa = XCBuildConfiguration;
			buildSettings = {
				BUNDLE_LOADER = "$(BUILT_PRODUCTS_DIR)/02-图片裁剪.app/02-图片裁剪";
				FRAMEWORK_SEARCH_PATHS = (
					"$(SDKROOT)/Developer/Library/Frameworks",
					"$(inherited)",
					"$(DEVELOPER_FRAMEWORKS_DIR)",
				);
				GCC_PRECOMPILE_PREFIX_HEADER = YES;
				GCC_PREFIX_HEADER = "02-图片裁剪/02-图片裁剪-Prefix.pch";
				GCC_PREPROCESSOR_DEFINITIONS = (
					"DEBUG=1",
					"$(inherited)",
				);
				INFOPLIST_FILE = "02-图片裁剪Tests/02-图片裁剪Tests-Info.plist";
				PRODUCT_NAME = "$(TARGET_NAME)";
				TEST_HOST = "$(BUNDLE_LOADER)";
				WRAPPER_EXTENSION = xctest;
			};
			name = Debug;
		};
		18CD651719B7F10400263695 /* Release */ = {
			isa = XCBuildConfiguration;
			buildSettings = {
				BUNDLE_LOADER = "$(BUILT_PRODUCTS_DIR)/02-图片裁剪.app/02-图片裁剪";
				FRAMEWORK_SEARCH_PATHS = (
					"$(SDKROOT)/Developer/Library/Frameworks",
					"$(inherited)",
					"$(DEVELOPER_FRAMEWORKS_DIR)",
				);
				GCC_PRECOMPILE_PREFIX_HEADER = YES;
				GCC_PREFIX_HEADER = "02-图片裁剪/02-图片裁剪-Prefix.pch";
				INFOPLIST_FILE = "02-图片裁剪Tests/02-图片裁剪Tests-Info.plist";
				PRODUCT_NAME = "$(TARGET_NAME)";
				TEST_HOST = "$(BUNDLE_LOADER)";
				WRAPPER_EXTENSION = xctest;
			};
			name = Release;
		};
/* End XCBuildConfiguration section */

/* Begin XCConfigurationList section */
		18CD64DB19B7F10300263695 /* Build configuration list for PBXProject "02-图片裁剪" */ = {
			isa = XCConfigurationList;
			buildConfigurations = (
				18CD651019B7F10400263695 /* Debug */,
				18CD651119B7F10400263695 /* Release */,
			);
			defaultConfigurationIsVisible = 0;
			defaultConfigurationName = Release;
		};
		18CD651219B7F10400263695 /* Build configuration list for PBXNativeTarget "02-图片裁剪" */ = {
			isa = XCConfigurationList;
			buildConfigurations = (
				18CD651319B7F10400263695 /* Debug */,
				18CD651419B7F10400263695 /* Release */,
			);
			defaultConfigurationIsVisible = 0;
		};
		18CD651519B7F10400263695 /* Build configuration list for PBXNativeTarget "02-图片裁剪Tests" */ = {
			isa = XCConfigurationList;
			buildConfigurations = (
				18CD651619B7F10400263695 /* Debug */,
				18CD651719B7F10400263695 /* Release */,
			);
			defaultConfigurationIsVisible = 0;
		};
/* End XCConfigurationList section */
	};
	rootObject = 18CD64D819B7F10300263695 /* Project object */;
}
